
Microsoft Visual Studio Solution File, Format Version 12.00
# Visual Studio Version 16
VisualStudioVersion = 25.0.1706.5
MinimumVisualStudioVersion = 10.0.40219.1
Project("{FAE04EC0-301F-11D3-BF4B-00C04F79EFBC}") = "Apigateway", "Apigateway.csproj", "{3A661DD2-3BF7-4281-BABB-C6AF4B3F9629}"
EndProject
Global
	GlobalSection(SolutionConfigurationPlatforms) = preSolution
		Debug|Any CPU = Debug|Any CPU
		Release|Any CPU = Release|Any CPU
	EndGlobalSection
	GlobalSection(ProjectConfigurationPlatforms) = postSolution
		{3A661DD2-3BF7-4281-BABB-C6AF4B3F9629}.Debug|Any CPU.ActiveCfg = Debug|Any CPU
		{3A661DD2-3BF7-4281-BABB-C6AF4B3F9629}.Debug|Any CPU.Build.0 = Debug|Any CPU
		{3A661DD2-3BF7-4281-BABB-C6AF4B3F9629}.Release|Any CPU.ActiveCfg = Release|Any CPU
		{3A661DD2-3BF7-4281-BABB-C6AF4B3F9629}.Release|Any CPU.Build.0 = Release|Any CPU
	EndGlobalSection
	GlobalSection(SolutionProperties) = preSolution
		HideSolutionNode = FALSE
	EndGlobalSection
	GlobalSection(ExtensibilityGlobals) = postSolution
		SolutionGuid = {A5ED2A41-3F85-4265-82EC-5802FB310D28}
	EndGlobalSection
EndGlobal
